
Microsoft Visual Studio Solution File, Format Version 11.00
# Visual Studio 2010
# SharpDevelop 5.1
Project("{FAE04EC0-301F-11D3-BF4B-00C04F79EFBC}") = "NamuDarbaiForm2", "NamuDarbaiForm2.csproj", "{3BBD821F-CEDD-46FC-846A-B418AC6BA0FF}"
EndProject
Global
	GlobalSection(SolutionConfigurationPlatforms) = preSolution
		Debug|Any CPU = Debug|Any CPU
		Release|Any CPU = Release|Any CPU
	EndGlobalSection
	GlobalSection(ProjectConfigurationPlatforms) = postSolution
		{3BBD821F-CEDD-46FC-846A-B418AC6BA0FF}.Debug|Any CPU.ActiveCfg = Debug|Any CPU
		{3BBD821F-CEDD-46FC-846A-B418AC6BA0FF}.Debug|Any CPU.Build.0 = Debug|Any CPU
		{3BBD821F-CEDD-46FC-846A-B418AC6BA0FF}.Release|Any CPU.ActiveCfg = Release|Any CPU
		{3BBD821F-CEDD-46FC-846A-B418AC6BA0FF}.Release|Any CPU.Build.0 = Release|Any CPU
	EndGlobalSection
EndGlobal
